<?xml version="1.0" encoding="utf-8"?>
<Project ToolsVersion="4.0" xmlns="http://schemas.microsoft.com/developer/msbuild/2003">
  <ItemGroup>
    <ClCompile Include="..\Source\BWEB\Block.cpp">
      <Filter>BWEB</Filter>
    </ClCompile>
    <ClCompile Include="..\Source\BWEB\Station.cpp">
      <Filter>BWEB</Filter>
    </ClCompile>
    <ClCompile Include="..\Source\BWEB\Wall.cpp">
      <Filter>BWEB</Filter>
    </ClCompile>
    <ClCompile Include="..\Source\BWEM\area.cpp">
      <Filter>BWEM</Filter>
    </ClCompile>
    <ClCompile Include="..\Source\BWEM\base.cpp">
      <Filter>BWEM</Filter>
    </ClCompile>
    <ClCompile Include="..\Source\BWEM\bwapiExt.cpp">
      <Filter>BWEM</Filter>
    </ClCompile>
    <ClCompile Include="..\Source\BWEM\bwem.cpp">
      <Filter>BWEM</Filter>
    </ClCompile>
    <ClCompile Include="..\Source\BWEM\cp.cpp">
      <Filter>BWEM</Filter>
    </ClCompile>
    <ClCompile Include="..\Source\BWEM\examples.cpp">
      <Filter>BWEM</Filter>
    </ClCompile>
    <ClCompile Include="..\Source\BWEM\exampleWall.cpp">
      <Filter>BWEM</Filter>
    </ClCompile>
    <ClCompile Include="..\Source\BWEM\graph.cpp">
      <Filter>BWEM</Filter>
    </ClCompile>
    <ClCompile Include="..\Source\BWEM\gridMap.cpp">
      <Filter>BWEM</Filter>
    </ClCompile>
    <ClCompile Include="..\Source\BWEM\map.cpp">
      <Filter>BWEM</Filter>
    </ClCompile>
    <ClCompile Include="..\Source\BWEM\mapDrawer.cpp">
      <Filter>BWEM</Filter>
    </ClCompile>
    <ClCompile Include="..\Source\BWEM\mapImpl.cpp">
      <Filter>BWEM</Filter>
    </ClCompile>
    <ClCompile Include="..\Source\BWEM\neutral.cpp">
      <Filter>BWEM</Filter>
    </ClCompile>
    <ClCompile Include="..\Source\BWEM\tiles.cpp">
      <Filter>BWEM</Filter>
    </ClCompile>
    <ClCompile Include="..\Source\BWEM\utils.cpp">
      <Filter>BWEM</Filter>
    </ClCompile>
    <ClCompile Include="..\Source\BWEM\winutils.cpp">
      <Filter>BWEM</Filter>
    </ClCompile>
    <ClCompile Include="..\Source\BWEM\BaseFinder\BaseFinder.cpp">
      <Filter>BWEM\BaseFinder</Filter>
    </ClCompile>
    <ClCompile Include="..\Source\BWEB\PathFind.cpp">
      <Filter>BWEB</Filter>
    </ClCompile>
    <ClCompile Include="..\Source\BWEB\BWEB.cpp">
      <Filter>BWEB</Filter>
    </ClCompile>
    <ClCompile Include="..\Source\Horizon\Horizon.cpp">
      <Filter>Horizon</Filter>
    </ClCompile>
    <ClCompile Include="..\Source\McRave\ProtossBuildOrder.cpp">
      <Filter>McRave\Builds\Protoss</Filter>
    </ClCompile>
    <ClCompile Include="..\Source\McRave\PvP.cpp">
      <Filter>McRave\Builds\Protoss</Filter>
    </ClCompile>
    <ClCompile Include="..\Source\McRave\PvT.cpp">
      <Filter>McRave\Builds\Protoss</Filter>
    </ClCompile>
    <ClCompile Include="..\Source\McRave\PvZ.cpp">
      <Filter>McRave\Builds\Protoss</Filter>
    </ClCompile>
    <ClCompile Include="..\Source\McRave\Dll.cpp">
      <Filter>McRave\Main</Filter>
    </ClCompile>
    <ClCompile Include="..\Source\McRave\McRave.cpp">
      <Filter>McRave\Main</Filter>
    </ClCompile>
    <ClCompile Include="..\Source\McRave\PlayerInfo.cpp">
      <Filter>McRave\Info\Player</Filter>
    </ClCompile>
    <ClCompile Include="..\Source\McRave\TerranBuilds.cpp">
      <Filter>McRave\Builds\Terran</Filter>
    </ClCompile>
    <ClCompile Include="..\Source\McRave\TerranBuildOrder.cpp">
      <Filter>McRave\Builds\Terran</Filter>
    </ClCompile>
    <ClCompile Include="..\Source\McRave\BuildOrder.cpp">
      <Filter>McRave\Builds\All</Filter>
    </ClCompile>
    <ClCompile Include="..\Source\McRave\UnitInfo.cpp">
      <Filter>McRave\Info\Units</Filter>
    </ClCompile>
    <ClCompile Include="..\Source\McRave\UnitMath.cpp">
      <Filter>McRave\Info\Units</Filter>
    </ClCompile>
    <ClCompile Include="..\Source\McRave\Util.cpp">
      <Filter>McRave\Main</Filter>
    </ClCompile>
    <ClCompile Include="..\Source\McRave\Visuals.cpp">
      <Filter>McRave\Main</Filter>
    </ClCompile>
    <ClCompile Include="..\Source\McRave\ZergBuildOrder.cpp">
      <Filter>McRave\Builds\Zerg</Filter>
    </ClCompile>
    <ClCompile Include="..\Source\McRave\ZvP.cpp">
      <Filter>McRave\Builds\Zerg</Filter>
    </ClCompile>
    <ClCompile Include="..\Source\McRave\ZvT.cpp">
      <Filter>McRave\Builds\Zerg</Filter>
    </ClCompile>
    <ClCompile Include="..\Source\McRave\ZvZ.cpp">
      <Filter>McRave\Builds\Zerg</Filter>
    </ClCompile>
    <ClCompile Include="..\Source\McRave\ResourceInfo.cpp">
      <Filter>McRave\Info\Resources</Filter>
    </ClCompile>
    <ClCompile Include="..\Source\McRave\Planning.cpp">
      <Filter>McRave\Macro</Filter>
    </ClCompile>
    <ClCompile Include="..\Source\McRave\Expansions.cpp">
      <Filter>McRave\Macro</Filter>
    </ClCompile>
    <ClCompile Include="..\Source\McRave\Production.cpp">
      <Filter>McRave\Macro</Filter>
    </ClCompile>
    <ClCompile Include="..\Source\McRave\Pylons.cpp">
      <Filter>McRave\Macro</Filter>
    </ClCompile>
    <ClCompile Include="..\Source\McRave\Targeting.cpp">
      <Filter>McRave\Info\Units</Filter>
    </ClCompile>
    <ClCompile Include="..\Source\McRave\Buildings.cpp">
      <Filter>McRave\Info\Units</Filter>
    </ClCompile>
    <ClCompile Include="..\Source\McRave\Units.cpp">
      <Filter>McRave\Info\Units</Filter>
    </ClCompile>
    <ClCompile Include="..\Source\McRave\Grids.cpp">
      <Filter>McRave\Map</Filter>
    </ClCompile>
    <ClCompile Include="..\Source\McRave\Stations.cpp">
      <Filter>McRave\Map</Filter>
    </ClCompile>
    <ClCompile Include="..\Source\McRave\Terrain.cpp">
      <Filter>McRave\Map</Filter>
    </ClCompile>
    <ClCompile Include="..\Source\McRave\Walls.cpp">
      <Filter>McRave\Map</Filter>
    </ClCompile>
    <ClCompile Include="..\Source\McRave\Combat.cpp">
      <Filter>McRave\Micro</Filter>
    </ClCompile>
    <ClCompile Include="..\Source\McRave\Commands.cpp">
      <Filter>McRave\Micro</Filter>
    </ClCompile>
    <ClCompile Include="..\Source\McRave\Scouts.cpp">
      <Filter>McRave\Micro</Filter>
    </ClCompile>
    <ClCompile Include="..\Source\McRave\Specials.cpp">
      <Filter>McRave\Micro</Filter>
    </ClCompile>
    <ClCompile Include="..\Source\McRave\Support.cpp">
      <Filter>McRave\Micro</Filter>
    </ClCompile>
    <ClCompile Include="..\Source\McRave\Transports.cpp">
      <Filter>McRave\Micro</Filter>
    </ClCompile>
    <ClCompile Include="..\Source\McRave\Workers.cpp">
      <Filter>McRave\Micro</Filter>
    </ClCompile>
    <ClCompile Include="..\Source\McRave\Actions.cpp">
      <Filter>McRave\Strategy</Filter>
    </ClCompile>
    <ClCompile Include="..\Source\McRave\Goals.cpp">
      <Filter>McRave\Strategy</Filter>
    </ClCompile>
    <ClCompile Include="..\Source\McRave\Strategy.cpp">
      <Filter>McRave\Strategy</Filter>
    </ClCompile>
    <ClCompile Include="..\Source\McRave\Resources.cpp">
      <Filter>McRave\Info\Resources</Filter>
    </ClCompile>
    <ClCompile Include="..\Source\McRave\Players.cpp">
      <Filter>McRave\Info\Player</Filter>
    </ClCompile>
    <ClCompile Include="..\Source\McRave\Learning.cpp">
      <Filter>McRave\Builds\All</Filter>
    </ClCompile>
  </ItemGroup>
  <ItemGroup>
    <ClInclude Include="..\Source\BWEB\Block.h">
      <Filter>BWEB</Filter>
    </ClInclude>
    <ClInclude Include="..\Source\BWEB\Station.h">
      <Filter>BWEB</Filter>
    </ClInclude>
    <ClInclude Include="..\Source\BWEB\Wall.h">
      <Filter>BWEB</Filter>
    </ClInclude>
    <ClInclude Include="..\Source\BWEM\area.h">
      <Filter>BWEM</Filter>
    </ClInclude>
    <ClInclude Include="..\Source\BWEM\base.h">
      <Filter>BWEM</Filter>
    </ClInclude>
    <ClInclude Include="..\Source\BWEM\bwapiExt.h">
      <Filter>BWEM</Filter>
    </ClInclude>
    <ClInclude Include="..\Source\BWEM\bwem.h">
      <Filter>BWEM</Filter>
    </ClInclude>
    <ClInclude Include="..\Source\BWEM\cp.h">
      <Filter>BWEM</Filter>
    </ClInclude>
    <ClInclude Include="..\Source\BWEM\defs.h">
      <Filter>BWEM</Filter>
    </ClInclude>
    <ClInclude Include="..\Source\BWEM\examples.h">
      <Filter>BWEM</Filter>
    </ClInclude>
    <ClInclude Include="..\Source\BWEM\exampleWall.h">
      <Filter>BWEM</Filter>
    </ClInclude>
    <ClInclude Include="..\Source\BWEM\graph.h">
      <Filter>BWEM</Filter>
    </ClInclude>
    <ClInclude Include="..\Source\BWEM\gridMap.h">
      <Filter>BWEM</Filter>
    </ClInclude>
    <ClInclude Include="..\Source\BWEM\map.h">
      <Filter>BWEM</Filter>
    </ClInclude>
    <ClInclude Include="..\Source\BWEM\mapDrawer.h">
      <Filter>BWEM</Filter>
    </ClInclude>
    <ClInclude Include="..\Source\BWEM\mapImpl.h">
      <Filter>BWEM</Filter>
    </ClInclude>
    <ClInclude Include="..\Source\BWEM\neutral.h">
      <Filter>BWEM</Filter>
    </ClInclude>
    <ClInclude Include="..\Source\BWEM\tiles.h">
      <Filter>BWEM</Filter>
    </ClInclude>
    <ClInclude Include="..\Source\BWEM\utils.h">
      <Filter>BWEM</Filter>
    </ClInclude>
    <ClInclude Include="..\Source\BWEM\winutils.h">
      <Filter>BWEM</Filter>
    </ClInclude>
    <ClInclude Include="..\Source\BWEM\BaseFinder\BaseFinder.h">
      <Filter>BWEM\BaseFinder</Filter>
    </ClInclude>
    <ClInclude Include="..\Source\BWEB\PathFind.h">
      <Filter>BWEB</Filter>
    </ClInclude>
    <ClInclude Include="..\Source\BWEB\BWEB.h">
      <Filter>BWEB</Filter>
    </ClInclude>
    <ClInclude Include="..\Source\BWEB\JPS.h">
      <Filter>BWEB</Filter>
    </ClInclude>
    <ClInclude Include="..\Source\Horizon\Horizon.h">
      <Filter>Horizon</Filter>
    </ClInclude>
    <ClInclude Include="..\Source\McRave\Header.h">
      <Filter>McRave\Main</Filter>
    </ClInclude>
    <ClInclude Include="..\Source\McRave\McRave.h">
      <Filter>McRave\Main</Filter>
    </ClInclude>
    <ClInclude Include="..\Source\McRave\PlayerInfo.h">
      <Filter>McRave\Info\Player</Filter>
    </ClInclude>
    <ClInclude Include="..\Source\McRave\ResourceInfo.h">
      <Filter>McRave\Info\Resources</Filter>
    </ClInclude>
    <ClInclude Include="..\Source\McRave\BuildOrder.h">
      <Filter>McRave\Builds\All</Filter>
    </ClInclude>
    <ClInclude Include="..\Source\McRave\UnitInfo.h">
      <Filter>McRave\Info\Units</Filter>
    </ClInclude>
    <ClInclude Include="..\Source\McRave\UnitMath.h">
      <Filter>McRave\Info\Units</Filter>
    </ClInclude>
    <ClInclude Include="..\Source\McRave\Util.h">
      <Filter>McRave\Main</Filter>
    </ClInclude>
    <ClInclude Include="..\Source\McRave\Visuals.h">
      <Filter>McRave\Main</Filter>
    </ClInclude>
    <ClInclude Include="..\Source\McRave\Planning.h">
      <Filter>McRave\Macro</Filter>
    </ClInclude>
    <ClInclude Include="..\Source\McRave\Expansions.h">
      <Filter>McRave\Macro</Filter>
    </ClInclude>
    <ClInclude Include="..\Source\McRave\Production.h">
      <Filter>McRave\Macro</Filter>
    </ClInclude>
    <ClInclude Include="..\Source\McRave\Pylons.h">
      <Filter>McRave\Macro</Filter>
    </ClInclude>
    <ClInclude Include="..\Source\McRave\Targeting.h">
      <Filter>McRave\Info\Units</Filter>
    </ClInclude>
    <ClInclude Include="..\Source\McRave\Buildings.h">
      <Filter>McRave\Info\Units</Filter>
    </ClInclude>
    <ClInclude Include="..\Source\McRave\Units.h">
      <Filter>McRave\Info\Units</Filter>
    </ClInclude>
    <ClInclude Include="..\Source\McRave\Events.h">
      <Filter>McRave\Main</Filter>
    </ClInclude>
    <ClInclude Include="..\Source\McRave\Grids.h">
      <Filter>McRave\Map</Filter>
    </ClInclude>
    <ClInclude Include="..\Source\McRave\Stations.h">
      <Filter>McRave\Map</Filter>
    </ClInclude>
    <ClInclude Include="..\Source\McRave\Terrain.h">
      <Filter>McRave\Map</Filter>
    </ClInclude>
    <ClInclude Include="..\Source\McRave\Walls.h">
      <Filter>McRave\Map</Filter>
    </ClInclude>
    <ClInclude Include="..\Source\McRave\Combat.h">
      <Filter>McRave\Micro</Filter>
    </ClInclude>
    <ClInclude Include="..\Source\McRave\Commands.h">
      <Filter>McRave\Micro</Filter>
    </ClInclude>
    <ClInclude Include="..\Source\McRave\Scouts.h">
      <Filter>McRave\Micro</Filter>
    </ClInclude>
    <ClInclude Include="..\Source\McRave\Support.h">
      <Filter>McRave\Micro</Filter>
    </ClInclude>
    <ClInclude Include="..\Source\McRave\Transports.h">
      <Filter>McRave\Micro</Filter>
    </ClInclude>
    <ClInclude Include="..\Source\McRave\Workers.h">
      <Filter>McRave\Micro</Filter>
    </ClInclude>
    <ClInclude Include="..\Source\McRave\Actions.h">
      <Filter>McRave\Strategy</Filter>
    </ClInclude>
    <ClInclude Include="..\Source\McRave\Goals.h">
      <Filter>McRave\Strategy</Filter>
    </ClInclude>
    <ClInclude Include="..\Source\McRave\Strategy.h">
      <Filter>McRave\Strategy</Filter>
    </ClInclude>
    <ClInclude Include="..\Source\McRave\Resources.h">
      <Filter>McRave\Info\Resources</Filter>
    </ClInclude>
    <ClInclude Include="..\Source\McRave\Players.h">
      <Filter>McRave\Info\Player</Filter>
    </ClInclude>
    <ClInclude Include="..\Source\McRave\Learning.h">
      <Filter>McRave\Builds\All</Filter>
    </ClInclude>
  </ItemGroup>
  <ItemGroup>
    <Filter Include="BWEM">
      <UniqueIdentifier>{3e14d27e-deb4-4133-aa73-c5da07446ee6}</UniqueIdentifier>
    </Filter>
    <Filter Include="McRave">
      <UniqueIdentifier>{74abad17-2dc8-41e2-933b-93e9cb0249af}</UniqueIdentifier>
    </Filter>
    <Filter Include="BWEB">
      <UniqueIdentifier>{b8528e1c-6b41-44c6-888b-7c26e95822af}</UniqueIdentifier>
    </Filter>
    <Filter Include="BWEM\BaseFinder">
      <UniqueIdentifier>{0e1ecd94-9211-4cea-8f45-228b7ee6c529}</UniqueIdentifier>
    </Filter>
    <Filter Include="Horizon">
      <UniqueIdentifier>{b749054e-38eb-471e-a297-86a0e85b6d3e}</UniqueIdentifier>
    </Filter>
    <Filter Include="McRave\Info">
      <UniqueIdentifier>{aa3e82bb-a522-4484-9ba8-14f9be693f20}</UniqueIdentifier>
    </Filter>
    <Filter Include="McRave\Macro">
      <UniqueIdentifier>{f1131dcf-ae55-4ca2-a0c4-96043e34709f}</UniqueIdentifier>
    </Filter>
    <Filter Include="McRave\Micro">
      <UniqueIdentifier>{7c29a969-8fd2-4b8e-8b39-a81c99a064f5}</UniqueIdentifier>
    </Filter>
    <Filter Include="McRave\Main">
      <UniqueIdentifier>{1e6af1f8-505c-49cb-9bea-df12533f1fb2}</UniqueIdentifier>
    </Filter>
    <Filter Include="McRave\Builds">
      <UniqueIdentifier>{fac56f6b-dcb7-4099-8f2b-96ea6d2b2883}</UniqueIdentifier>
    </Filter>
    <Filter Include="McRave\Builds\Protoss">
      <UniqueIdentifier>{87bfccbc-9225-47a5-8c9e-5c45c905120d}</UniqueIdentifier>
    </Filter>
    <Filter Include="McRave\Info\Resources">
      <UniqueIdentifier>{1190dc28-5827-4730-837d-213fd4793d7a}</UniqueIdentifier>
    </Filter>
    <Filter Include="McRave\Builds\Terran">
      <UniqueIdentifier>{67955f2f-85e9-45b5-9b7e-4f96d897c248}</UniqueIdentifier>
    </Filter>
    <Filter Include="McRave\Builds\Zerg">
      <UniqueIdentifier>{e3095dc1-3f51-4c80-8a5a-fe10cb2bd7b1}</UniqueIdentifier>
    </Filter>
    <Filter Include="McRave\Builds\All">
      <UniqueIdentifier>{2c0d2653-d39c-4398-b7fd-6f77ed7fee52}</UniqueIdentifier>
    </Filter>
    <Filter Include="McRave\Info\Units">
      <UniqueIdentifier>{12283eaa-2520-4831-b83c-a4bd74ae4477}</UniqueIdentifier>
    </Filter>
    <Filter Include="McRave\Info\Player">
      <UniqueIdentifier>{2bf76588-ab2d-4e2e-a7fd-be28f461672f}</UniqueIdentifier>
    </Filter>
    <Filter Include="McRave\Map">
      <UniqueIdentifier>{5b61ad1b-a22f-40ed-82f2-1f1f728b0d44}</UniqueIdentifier>
    </Filter>
    <Filter Include="McRave\Strategy">
      <UniqueIdentifier>{5be6fb6e-002d-452d-bcaf-f2f060ea2314}</UniqueIdentifier>
    </Filter>
  </ItemGroup>
</Project>